
Microsoft Visual Studio Solution File, Format Version 12.00
# Visual Studio Version 16
VisualStudioVersion = 16.0.32802.440
MinimumVisualStudioVersion = 10.0.40219.1
Project("{FAE04EC0-301F-11D3-BF4B-00C04F79EFBC}") = "SystemHooksVideos", "SystemHooksVideo\SystemHooksVideos.csproj", "{89CF6015-8E8F-4F8B-B28C-CCAE1CD19DFE}"
EndProject
Project("{FAE04EC0-301F-11D3-BF4B-00C04F79EFBC}") = "SystemHooksMicrosoft", "SystemHooksMicrosoft\SystemHooksMicrosoft.csproj", "{2E0FE18E-F178-499E-B403-D8E16511F6A6}"
EndProject
Global
	GlobalSection(SolutionConfigurationPlatforms) = preSolution
		Debug|Any CPU = Debug|Any CPU
		Release|Any CPU = Release|Any CPU
	EndGlobalSection
	GlobalSection(ProjectConfigurationPlatforms) = postSolution
		{89CF6015-8E8F-4F8B-B28C-CCAE1CD19DFE}.Debug|Any CPU.ActiveCfg = Debug|Any CPU
		{89CF6015-8E8F-4F8B-B28C-CCAE1CD19DFE}.Debug|Any CPU.Build.0 = Debug|Any CPU
		{89CF6015-8E8F-4F8B-B28C-CCAE1CD19DFE}.Release|Any CPU.ActiveCfg = Release|Any CPU
		{89CF6015-8E8F-4F8B-B28C-CCAE1CD19DFE}.Release|Any CPU.Build.0 = Release|Any CPU
		{2E0FE18E-F178-499E-B403-D8E16511F6A6}.Debug|Any CPU.ActiveCfg = Debug|Any CPU
		{2E0FE18E-F178-499E-B403-D8E16511F6A6}.Debug|Any CPU.Build.0 = Debug|Any CPU
		{2E0FE18E-F178-499E-B403-D8E16511F6A6}.Release|Any CPU.ActiveCfg = Release|Any CPU
		{2E0FE18E-F178-499E-B403-D8E16511F6A6}.Release|Any CPU.Build.0 = Release|Any CPU
	EndGlobalSection
	GlobalSection(SolutionProperties) = preSolution
		HideSolutionNode = FALSE
	EndGlobalSection
	GlobalSection(ExtensibilityGlobals) = postSolution
		SolutionGuid = {97B20B56-DA6A-43FE-8139-74D699A814B3}
	EndGlobalSection
EndGlobal
